
Microsoft Visual Studio Solution File, Format Version 12.00
# Visual Studio Version 17
VisualStudioVersion = 17.3.32901.215
MinimumVisualStudioVersion = 10.0.40219.1
Project("{8BC9CEB8-8B4A-11D0-8D11-00A0C91BC942}") = "staralign", "staralign.vcxproj", "{13970A74-BC0C-0AEE-1C3A-3140EE427AA2}"
EndProject
Project("{8BC9CEB8-8B4A-11D0-8D11-00A0C91BC942}") = "profilealign", "profilealign.vcxproj", "{E718F259-FB0A-EADE-DC41-A8DC8DF74DF6}"
EndProject
Project("{8BC9CEB8-8B4A-11D0-8D11-00A0C91BC942}") = "profile_two_align", "profile_two_align.vcxproj", "{E718F259-FB0A-EADE-DC41-A8DC8DF74DF7}"
EndProject
Project("{8BC9CEB8-8B4A-11D0-8D11-00A0C91BC942}") = "pthread_dll", "pthread-win32\windows\VS2022\pthread.2022.vcxproj", "{5D459BA0-5EEB-47D3-A1C4-6B55C8D37EC0}"
EndProject
Project("{8BC9CEB8-8B4A-11D0-8D11-00A0C91BC942}") = "fragalign", "fragalign.vcxproj", "{62CC7636-7779-454C-9316-12416BD79C5C}"
EndProject
Project("{8BC9CEB8-8B4A-11D0-8D11-00A0C91BC942}") = "common_lib", "common_lib.vcxproj", "{716ACE2B-16D8-4A15-8D4C-B4C652ABEA30}"
EndProject
Project("{8BC9CEB8-8B4A-11D0-8D11-00A0C91BC942}") = "findsim", "findsim.vcxproj", "{CC2A8806-9F12-46E1-9CC7-3D5B616FFC49}"
EndProject
Global
	GlobalSection(SolutionConfigurationPlatforms) = preSolution
		Debug|x64 = Debug|x64
		Debug|x86 = Debug|x86
		Release|x64 = Release|x64
		Release|x86 = Release|x86
	EndGlobalSection
	GlobalSection(ProjectConfigurationPlatforms) = postSolution
		{13970A74-BC0C-0AEE-1C3A-3140EE427AA2}.Debug|x64.ActiveCfg = Debug|x64
		{13970A74-BC0C-0AEE-1C3A-3140EE427AA2}.Debug|x64.Build.0 = Debug|x64
		{13970A74-BC0C-0AEE-1C3A-3140EE427AA2}.Debug|x86.ActiveCfg = Debug|Win32
		{13970A74-BC0C-0AEE-1C3A-3140EE427AA2}.Debug|x86.Build.0 = Debug|Win32
		{13970A74-BC0C-0AEE-1C3A-3140EE427AA2}.Release|x64.ActiveCfg = Release|x64
		{13970A74-BC0C-0AEE-1C3A-3140EE427AA2}.Release|x64.Build.0 = Release|x64
		{13970A74-BC0C-0AEE-1C3A-3140EE427AA2}.Release|x86.ActiveCfg = Release|Win32
		{13970A74-BC0C-0AEE-1C3A-3140EE427AA2}.Release|x86.Build.0 = Release|Win32
		{E718F259-FB0A-EADE-DC41-A8DC8DF74DF6}.Debug|x64.ActiveCfg = Debug|x64
		{E718F259-FB0A-EADE-DC41-A8DC8DF74DF6}.Debug|x64.Build.0 = Debug|x64
		{E718F259-FB0A-EADE-DC41-A8DC8DF74DF6}.Debug|x86.ActiveCfg = Debug|Win32
		{E718F259-FB0A-EADE-DC41-A8DC8DF74DF6}.Debug|x86.Build.0 = Debug|Win32
		{E718F259-FB0A-EADE-DC41-A8DC8DF74DF6}.Release|x64.ActiveCfg = Release|x64
		{E718F259-FB0A-EADE-DC41-A8DC8DF74DF6}.Release|x64.Build.0 = Release|x64
		{E718F259-FB0A-EADE-DC41-A8DC8DF74DF6}.Release|x86.ActiveCfg = Release|Win32
		{E718F259-FB0A-EADE-DC41-A8DC8DF74DF6}.Release|x86.Build.0 = Release|Win32
		{E718F259-FB0A-EADE-DC41-A8DC8DF74DF7}.Debug|x64.ActiveCfg = Debug|x64
		{E718F259-FB0A-EADE-DC41-A8DC8DF74DF7}.Debug|x64.Build.0 = Debug|x64
		{E718F259-FB0A-EADE-DC41-A8DC8DF74DF7}.Debug|x86.ActiveCfg = Debug|Win32
		{E718F259-FB0A-EADE-DC41-A8DC8DF74DF7}.Debug|x86.Build.0 = Debug|Win32
		{E718F259-FB0A-EADE-DC41-A8DC8DF74DF7}.Release|x64.ActiveCfg = Release|x64
		{E718F259-FB0A-EADE-DC41-A8DC8DF74DF7}.Release|x64.Build.0 = Release|x64
		{E718F259-FB0A-EADE-DC41-A8DC8DF74DF7}.Release|x86.ActiveCfg = Release|Win32
		{E718F259-FB0A-EADE-DC41-A8DC8DF74DF7}.Release|x86.Build.0 = Release|Win32
		{5D459BA0-5EEB-47D3-A1C4-6B55C8D37EC0}.Debug|x64.ActiveCfg = Debug|x64
		{5D459BA0-5EEB-47D3-A1C4-6B55C8D37EC0}.Debug|x64.Build.0 = Debug|x64
		{5D459BA0-5EEB-47D3-A1C4-6B55C8D37EC0}.Debug|x86.ActiveCfg = Debug|Win32
		{5D459BA0-5EEB-47D3-A1C4-6B55C8D37EC0}.Debug|x86.Build.0 = Debug|Win32
		{5D459BA0-5EEB-47D3-A1C4-6B55C8D37EC0}.Release|x64.ActiveCfg = Release|x64
		{5D459BA0-5EEB-47D3-A1C4-6B55C8D37EC0}.Release|x64.Build.0 = Release|x64
		{5D459BA0-5EEB-47D3-A1C4-6B55C8D37EC0}.Release|x86.ActiveCfg = Release|Win32
		{5D459BA0-5EEB-47D3-A1C4-6B55C8D37EC0}.Release|x86.Build.0 = Release|Win32
		{62CC7636-7779-454C-9316-12416BD79C5C}.Debug|x64.ActiveCfg = Debug|x64
		{62CC7636-7779-454C-9316-12416BD79C5C}.Debug|x64.Build.0 = Debug|x64
		{62CC7636-7779-454C-9316-12416BD79C5C}.Debug|x86.ActiveCfg = Debug|Win32
		{62CC7636-7779-454C-9316-12416BD79C5C}.Debug|x86.Build.0 = Debug|Win32
		{62CC7636-7779-454C-9316-12416BD79C5C}.Release|x64.ActiveCfg = Release|x64
		{62CC7636-7779-454C-9316-12416BD79C5C}.Release|x64.Build.0 = Release|x64
		{62CC7636-7779-454C-9316-12416BD79C5C}.Release|x86.ActiveCfg = Release|Win32
		{62CC7636-7779-454C-9316-12416BD79C5C}.Release|x86.Build.0 = Release|Win32
		{716ACE2B-16D8-4A15-8D4C-B4C652ABEA30}.Debug|x64.ActiveCfg = Debug|x64
		{716ACE2B-16D8-4A15-8D4C-B4C652ABEA30}.Debug|x64.Build.0 = Debug|x64
		{716ACE2B-16D8-4A15-8D4C-B4C652ABEA30}.Debug|x86.ActiveCfg = Debug|Win32
		{716ACE2B-16D8-4A15-8D4C-B4C652ABEA30}.Debug|x86.Build.0 = Debug|Win32
		{716ACE2B-16D8-4A15-8D4C-B4C652ABEA30}.Release|x64.ActiveCfg = Release|x64
		{716ACE2B-16D8-4A15-8D4C-B4C652ABEA30}.Release|x64.Build.0 = Release|x64
		{716ACE2B-16D8-4A15-8D4C-B4C652ABEA30}.Release|x86.ActiveCfg = Release|Win32
		{716ACE2B-16D8-4A15-8D4C-B4C652ABEA30}.Release|x86.Build.0 = Release|Win32
		{CC2A8806-9F12-46E1-9CC7-3D5B616FFC49}.Debug|x64.ActiveCfg = Debug|x64
		{CC2A8806-9F12-46E1-9CC7-3D5B616FFC49}.Debug|x64.Build.0 = Debug|x64
		{CC2A8806-9F12-46E1-9CC7-3D5B616FFC49}.Debug|x86.ActiveCfg = Debug|Win32
		{CC2A8806-9F12-46E1-9CC7-3D5B616FFC49}.Debug|x86.Build.0 = Debug|Win32
		{CC2A8806-9F12-46E1-9CC7-3D5B616FFC49}.Release|x64.ActiveCfg = Release|x64
		{CC2A8806-9F12-46E1-9CC7-3D5B616FFC49}.Release|x64.Build.0 = Release|x64
		{CC2A8806-9F12-46E1-9CC7-3D5B616FFC49}.Release|x86.ActiveCfg = Release|Win32
		{CC2A8806-9F12-46E1-9CC7-3D5B616FFC49}.Release|x86.Build.0 = Release|Win32
	EndGlobalSection
	GlobalSection(SolutionProperties) = preSolution
		HideSolutionNode = FALSE
	EndGlobalSection
	GlobalSection(ExtensibilityGlobals) = postSolution
		SolutionGuid = {31D74AC4-0CAF-4B89-842E-EA1840439EBF}
	EndGlobalSection
EndGlobal
